
Microsoft Visual Studio Solution File, Format Version 12.00
# Visual Studio 15
VisualStudioVersion = 15.0.27703.2042
MinimumVisualStudioVersion = 10.0.40219.1
Project("{9A19103F-16F7-4668-BE54-9A1E7A4F7556}") = "ReactJSDemo", "ReactJSDemo.csproj", "{D714E769-0716-4475-A1CC-B12A0AA80CAA}"
EndProject
Global
	GlobalSection(SolutionConfigurationPlatforms) = preSolution
		Debug|Any CPU = Debug|Any CPU
		Release|Any CPU = Release|Any CPU
	EndGlobalSection
	GlobalSection(ProjectConfigurationPlatforms) = postSolution
		{D714E769-0716-4475-A1CC-B12A0AA80CAA}.Debug|Any CPU.ActiveCfg = Debug|Any CPU
		{D714E769-0716-4475-A1CC-B12A0AA80CAA}.Debug|Any CPU.Build.0 = Debug|Any CPU
		{D714E769-0716-4475-A1CC-B12A0AA80CAA}.Release|Any CPU.ActiveCfg = Release|Any CPU
		{D714E769-0716-4475-A1CC-B12A0AA80CAA}.Release|Any CPU.Build.0 = Release|Any CPU
	EndGlobalSection
	GlobalSection(SolutionProperties) = preSolution
		HideSolutionNode = FALSE
	EndGlobalSection
	GlobalSection(ExtensibilityGlobals) = postSolution
		SolutionGuid = {34BCD422-510B-46C1-94F8-520D7A085243}
	EndGlobalSection
EndGlobal
